
Microsoft Visual Studio Solution File, Format Version 12.00
# Visual Studio 15
VisualStudioVersion = 15.0.28010.2036
MinimumVisualStudioVersion = 10.0.40219.1
Project("{888888A0-9F3D-457C-B088-3A5042F75D52}") = "LineNotifyBot", "LineNotifyBot\LineNotifyBot.pyproj", "{E5831DAA-FCE3-419D-A204-52DE87AA9124}"
EndProject
Global
	GlobalSection(SolutionConfigurationPlatforms) = preSolution
		Debug|Any CPU = Debug|Any CPU
		Release|Any CPU = Release|Any CPU
	EndGlobalSection
	GlobalSection(ProjectConfigurationPlatforms) = postSolution
		{E5831DAA-FCE3-419D-A204-52DE87AA9124}.Debug|Any CPU.ActiveCfg = Debug|Any CPU
		{E5831DAA-FCE3-419D-A204-52DE87AA9124}.Release|Any CPU.ActiveCfg = Release|Any CPU
	EndGlobalSection
	GlobalSection(SolutionProperties) = preSolution
		HideSolutionNode = FALSE
	EndGlobalSection
	GlobalSection(ExtensibilityGlobals) = postSolution
		SolutionGuid = {7353FFC4-7037-4906-ABED-408D373DA650}
	EndGlobalSection
EndGlobal
